PODS:
  - DeskCommon (1.1.0)
  - DeskCommonTest (1.0.3):
    - DeskCommon (~> 1.1)
    - OHHTTPStubs (~> 4.6.0)
  - Expecta (0.3.2)
  - OCMock (3.0.2)
  - OHHTTPStubs (4.6.0):
    - OHHTTPStubs/Default (= 4.6.0)
  - OHHTTPStubs/Core (4.6.0)
  - OHHTTPStubs/Default (4.6.0):
    - OHHTTPStubs/Core
    - OHHTTPStubs/JSON
    - OHHTTPStubs/NSURLSession
    - OHHTTPStubs/OHPathHelpers
  - OHHTTPStubs/JSON (4.6.0):
    - OHHTTPStubs/Core
  - OHHTTPStubs/NSURLSession (4.6.0):
    - OHHTTPStubs/Core
  - OHHTTPStubs/OHPathHelpers (4.6.0)

DEPENDENCIES:
  - DeskCommon (~> 1.1)
  - DeskCommonTest (~> 1.0)
  - Expecta (~> 0.3.1)
  - OCMock (~> 3.0.2)

SPEC CHECKSUMS:
  DeskCommon: 9a56dece9026e1b751707442586e30f7ac2325aa
  DeskCommonTest: 4901509b8d39ead93386bab8d15a1cbf49d3b47d
  Expecta: 8c507baf13211207b1e9d0a741480600e6b4ed15
  OCMock: 1f0871af0f397183f33e7552cca088bd2b485c25
  OHHTTPStubs: cb1aefbbeb4de4e741644455d4b945538e5248a2

PODFILE CHECKSUM: d8ec93b0ef504f1dffb0a0010e09a8e9820dc6f7

COCOAPODS: 1.0.1
